{
  "name": "@hexlet/code",
  "version": "1.0.0",
  "lockfileVersion": 2,
  "requires": true,
  "packages": {
    "": {
      "name": "@hexlet/code",
      "version": "1.0.0",
      "license": "ISC",
      "dependencies": {
        "comander": "^0.0.1-security",
        "commander": "^9.4.1"
      },
      "bin": {
        "gendiff": "bin/gendiff.js"
      }
    },
    "node_modules/comander": {
      "version": "0.0.1-security",
      "resolved": "https://registry.npmjs.org/comander/-/comander-0.0.1-security.tgz",
      "integrity": "sha512-cxCGvHkaEtEsBsKjz8XrAiaOIkecgmMvhetsaxQYt35e8MEW4ATPevJTrzOrpAd1NyWmgIpLrwPLhQoHvnj89w=="
    },
    "node_modules/commander": {
      "version": "9.4.1",
      "resolved": "https://registry.npmjs.org/commander/-/commander-9.4.1.tgz",
      "integrity": "sha512-5EEkTNyHNGFPD2H+c/dXXfQZYa/scCKasxWcXJaWnNJ99pnQN9Vnmqow+p+PlFPE63Q6mThaZws1T+HxfpgtPw==",
      "engines": {
        "node": "^12.20.0 || >=14"
      }
    }
  },
  "dependencies": {
    "comander": {
      "version": "0.0.1-security",
      "resolved": "https://registry.npmjs.org/comander/-/comander-0.0.1-security.tgz",
      "integrity": "sha512-cxCGvHkaEtEsBsKjz8XrAiaOIkecgmMvhetsaxQYt35e8MEW4ATPevJTrzOrpAd1NyWmgIpLrwPLhQoHvnj89w=="
    },
    "commander": {
      "version": "9.4.1",
      "resolved": "https://registry.npmjs.org/commander/-/commander-9.4.1.tgz",
      "integrity": "sha512-5EEkTNyHNGFPD2H+c/dXXfQZYa/scCKasxWcXJaWnNJ99pnQN9Vnmqow+p+PlFPE63Q6mThaZws1T+HxfpgtPw=="
    }
  }
}
